
Microsoft Visual Studio Solution File, Format Version 12.00
# Visual Studio Version 16
VisualStudioVersion = 16.0.33027.164
MinimumVisualStudioVersion = 10.0.40219.1
Project("{FAE04EC0-301F-11D3-BF4B-00C04F79EFBC}") = "LeagueOfLearn", "LeagueOfLearn\LeagueOfLearn.csproj", "{12FEA4F7-ACC3-47C4-AF39-4BDED2CFF6BC}"
EndProject
Global
	GlobalSection(SolutionConfigurationPlatforms) = preSolution
		Debug|Any CPU = Debug|Any CPU
		Release|Any CPU = Release|Any CPU
	EndGlobalSection
	GlobalSection(ProjectConfigurationPlatforms) = postSolution
		{12FEA4F7-ACC3-47C4-AF39-4BDED2CFF6BC}.Debug|Any CPU.ActiveCfg = Debug|Any CPU
		{12FEA4F7-ACC3-47C4-AF39-4BDED2CFF6BC}.Debug|Any CPU.Build.0 = Debug|Any CPU
		{12FEA4F7-ACC3-47C4-AF39-4BDED2CFF6BC}.Release|Any CPU.ActiveCfg = Release|Any CPU
		{12FEA4F7-ACC3-47C4-AF39-4BDED2CFF6BC}.Release|Any CPU.Build.0 = Release|Any CPU
	EndGlobalSection
	GlobalSection(SolutionProperties) = preSolution
		HideSolutionNode = FALSE
	EndGlobalSection
	GlobalSection(ExtensibilityGlobals) = postSolution
		SolutionGuid = {F0B9D1DC-2C12-47EB-80F1-1E716101A3D1}
	EndGlobalSection
EndGlobal
